
Microsoft Visual Studio Solution File, Format Version 12.00
# Visual Studio Version 17
VisualStudioVersion = 17.4.33213.308
MinimumVisualStudioVersion = 10.0.40219.1
Project("{9A19103F-16F7-4668-BE54-9A1E7A4F7556}") = "Project", "Project\Project.csproj", "{4CCBD232-C07E-43EC-A082-73ABB1B1F77D}"
EndProject
Project("{FAE04EC0-301F-11D3-BF4B-00C04F79EFBC}") = "Core", "Core\Core.csproj", "{ED53DFF5-01BE-48D0-BB82-5641877EA3BB}"
EndProject
Project("{FAE04EC0-301F-11D3-BF4B-00C04F79EFBC}") = "DataLayer", "DataLayer\DataLayer.csproj", "{A8ABCA71-1848-4FAB-8B3C-D1D6C1E264EE}"
EndProject
Global
	GlobalSection(SolutionConfigurationPlatforms) = preSolution
		Debug|Any CPU = Debug|Any CPU
		Release|Any CPU = Release|Any CPU
	EndGlobalSection
	GlobalSection(ProjectConfigurationPlatforms) = postSolution
		{4CCBD232-C07E-43EC-A082-73ABB1B1F77D}.Debug|Any CPU.ActiveCfg = Debug|Any CPU
		{4CCBD232-C07E-43EC-A082-73ABB1B1F77D}.Debug|Any CPU.Build.0 = Debug|Any CPU
		{4CCBD232-C07E-43EC-A082-73ABB1B1F77D}.Release|Any CPU.ActiveCfg = Release|Any CPU
		{4CCBD232-C07E-43EC-A082-73ABB1B1F77D}.Release|Any CPU.Build.0 = Release|Any CPU
		{ED53DFF5-01BE-48D0-BB82-5641877EA3BB}.Debug|Any CPU.ActiveCfg = Debug|Any CPU
		{ED53DFF5-01BE-48D0-BB82-5641877EA3BB}.Debug|Any CPU.Build.0 = Debug|Any CPU
		{ED53DFF5-01BE-48D0-BB82-5641877EA3BB}.Release|Any CPU.ActiveCfg = Release|Any CPU
		{ED53DFF5-01BE-48D0-BB82-5641877EA3BB}.Release|Any CPU.Build.0 = Release|Any CPU
		{A8ABCA71-1848-4FAB-8B3C-D1D6C1E264EE}.Debug|Any CPU.ActiveCfg = Debug|Any CPU
		{A8ABCA71-1848-4FAB-8B3C-D1D6C1E264EE}.Debug|Any CPU.Build.0 = Debug|Any CPU
		{A8ABCA71-1848-4FAB-8B3C-D1D6C1E264EE}.Release|Any CPU.ActiveCfg = Release|Any CPU
		{A8ABCA71-1848-4FAB-8B3C-D1D6C1E264EE}.Release|Any CPU.Build.0 = Release|Any CPU
	EndGlobalSection
	GlobalSection(SolutionProperties) = preSolution
		HideSolutionNode = FALSE
	EndGlobalSection
	GlobalSection(ExtensibilityGlobals) = postSolution
		SolutionGuid = {B0F399BC-5961-4480-B817-AA372ECCE45D}
	EndGlobalSection
EndGlobal
